{
  "nodes": {
    "nix2container": {
      "inputs": {
        "nixpkgs": [
          "nixpkgs"
        ]
      },
      "locked": {
        "lastModified": 1775487831,
        "narHash": "sha256-2lguQpLPQaxpQCJjXhmEEAfabwsAhkP29Z7fgLzHARA=",
        "owner": "nlewo",
        "repo": "nix2container",
        "rev": "76be9608a7f4d6c985d28b0e7be903ae2547df3e",
        "type": "github"
      },
      "original": {
        "owner": "nlewo",
        "repo": "nix2container",
        "type": "github"
      }
    },
    "nixpkgs": {
      "locked": {
        "lastModified": 1778737229,
        "narHash": "sha256-6xWoytx8jFW4PF1GjRm/i/53trbpKGfz6zjzQGBr4cI=",
        "owner": "NixOS",
        "repo": "nixpkgs",
        "rev": "d7a713c0b7e47c908258e71cba7a2d77cc8d71d5",
        "type": "github"
      },
      "original": {
        "owner": "NixOS",
        "ref": "nixos-25.11",
        "repo": "nixpkgs",
        "type": "github"
      }
    },
    "root": {
      "inputs": {
        "nix2container": "nix2container",
        "nixpkgs": "nixpkgs"
      }
    }
  },
  "root": "root",
  "version": 7
}
